
Microsoft Visual Studio Solution File, Format Version 12.00
# Visual Studio 15
VisualStudioVersion = 15.0.28010.2026
MinimumVisualStudioVersion = 10.0.40219.1
Project("{888888A0-9F3D-457C-B088-3A5042F75D52}") = "kg_lego2", "kg_lego2\kg_lego2.pyproj", "{5B706754-A24B-4A6F-9616-008A30ECD39D}"
EndProject
Global
	GlobalSection(SolutionConfigurationPlatforms) = preSolution
		Debug|Any CPU = Debug|Any CPU
		Release|Any CPU = Release|Any CPU
	EndGlobalSection
	GlobalSection(ProjectConfigurationPlatforms) = postSolution
		{5B706754-A24B-4A6F-9616-008A30ECD39D}.Debug|Any CPU.ActiveCfg = Debug|Any CPU
		{5B706754-A24B-4A6F-9616-008A30ECD39D}.Release|Any CPU.ActiveCfg = Release|Any CPU
	EndGlobalSection
	GlobalSection(SolutionProperties) = preSolution
		HideSolutionNode = FALSE
	EndGlobalSection
	GlobalSection(ExtensibilityGlobals) = postSolution
		SolutionGuid = {DA02C75C-01FA-43C9-9EC6-499494179081}
	EndGlobalSection
EndGlobal
